
Microsoft Visual Studio Solution File, Format Version 12.00
# Visual Studio Version 17
VisualStudioVersion = 17.8.34511.84
MinimumVisualStudioVersion = 10.0.40219.1
Project("{FAE04EC0-301F-11D3-BF4B-00C04F79EFBC}") = "Sincronias", "Sincronias\Sincronias.csproj", "{95C284CB-F4F5-4F19-9FC7-BA58C71443CB}"
EndProject
Global
	GlobalSection(SolutionConfigurationPlatforms) = preSolution
		Debug|Any CPU = Debug|Any CPU
		Release|Any CPU = Release|Any CPU
	EndGlobalSection
	GlobalSection(ProjectConfigurationPlatforms) = postSolution
		{95C284CB-F4F5-4F19-9FC7-BA58C71443CB}.Debug|Any CPU.ActiveCfg = Debug|Any CPU
		{95C284CB-F4F5-4F19-9FC7-BA58C71443CB}.Debug|Any CPU.Build.0 = Debug|Any CPU
		{95C284CB-F4F5-4F19-9FC7-BA58C71443CB}.Release|Any CPU.ActiveCfg = Release|Any CPU
		{95C284CB-F4F5-4F19-9FC7-BA58C71443CB}.Release|Any CPU.Build.0 = Release|Any CPU
	EndGlobalSection
	GlobalSection(SolutionProperties) = preSolution
		HideSolutionNode = FALSE
	EndGlobalSection
	GlobalSection(ExtensibilityGlobals) = postSolution
		SolutionGuid = {7E858667-768A-4045-BAFB-BE804B79D336}
	EndGlobalSection
EndGlobal
